// !$*UTF8*$!
{
	archiveVersion = 1;
	classes = {
	};
	objectVersion = 55;
	objects = {

/* Begin PBXBuildFile section */
		C33C4C3A283AAA730030D14B /* greedindex WatchKit App.app in Embed Watch Content */ = {isa = PBXBuildFile; fileRef = C33C4C39283AAA730030D14B /* greedindex WatchKit App.app */; settings = {ATTRIBUTES = (RemoveHeadersOnCopy, ); }; };
		C33C4C3F283AAA760030D14B /* Assets.xcassets in Resources */ = {isa = PBXBuildFile; fileRef = C33C4C3E283AAA760030D14B /* Assets.xcassets */; };
		C33C4C45283AAA760030D14B /* greedindex WatchKit Extension.appex in Embed App Extensions */ = {isa = PBXBuildFile; fileRef = C33C4C44283AAA760030D14B /* greedindex WatchKit Extension.appex */; settings = {ATTRIBUTES = (RemoveHeadersOnCopy, ); }; };
		C33C4C4A283AAA760030D14B /* greedindexApp.swift in Sources */ = {isa = PBXBuildFile; fileRef = C33C4C49283AAA760030D14B /* greedindexApp.swift */; };
		C33C4C4C283AAA760030D14B /* ContentView.swift in Sources */ = {isa = PBXBuildFile; fileRef = C33C4C4B283AAA760030D14B /* ContentView.swift */; };
		C33C4C4E283AAA760030D14B /* NotificationController.swift in Sources */ = {isa = PBXBuildFile; fileRef = C33C4C4D283AAA760030D14B /* NotificationController.swift */; };
		C33C4C50283AAA760030D14B /* NotificationView.swift in Sources */ = {isa = PBXBuildFile; fileRef = C33C4C4F283AAA760030D14B /* NotificationView.swift */; };
		C33C4C52283AAA760030D14B /* ComplicationController.swift in Sources */ = {isa = PBXBuildFile; fileRef = C33C4C51283AAA760030D14B /* ComplicationController.swift */; };
		C33C4C54283AAA770030D14B /* Assets.xcassets in Resources */ = {isa = PBXBuildFile; fileRef = C33C4C53283AAA770030D14B /* Assets.xcassets */; };
		C33C4C57283AAA770030D14B /* Preview Assets.xcassets in Resources */ = {isa = PBXBuildFile; fileRef = C33C4C56283AAA770030D14B /* Preview Assets.xcassets */; };
		C33C4C63283AAA770030D14B /* greedindexTests.swift in Sources */ = {isa = PBXBuildFile; fileRef = C33C4C62283AAA770030D14B /* greedindexTests.swift */; };
		C33C4C6D283AAA770030D14B /* greedindexUITests.swift in Sources */ = {isa = PBXBuildFile; fileRef = C33C4C6C283AAA770030D14B /* greedindexUITests.swift */; };
		C33C4C6F283AAA770030D14B /* greedindexUITestsLaunchTests.swift in Sources */ = {isa = PBXBuildFile; fileRef = C33C4C6E283AAA770030D14B /* greedindexUITestsLaunchTests.swift */; };
/* End PBXBuildFile section */

/* Begin PBXContainerItemProxy section */
		C33C4C3B283AAA730030D14B /* PBXContainerItemProxy */ = {
			isa = PBXContainerItemProxy;
			containerPortal = C33C4C2F283AAA730030D14B /* Project object */;
			proxyType = 1;
			remoteGlobalIDString = C33C4C38283AAA730030D14B;
			remoteInfo = "greedindex WatchKit App";
		};
		C33C4C46283AAA760030D14B /* PBXContainerItemProxy */ = {
			isa = PBXContainerItemProxy;
			containerPortal = C33C4C2F283AAA730030D14B /* Project object */;
			proxyType = 1;
			remoteGlobalIDString = C33C4C43283AAA760030D14B;
			remoteInfo = "greedindex WatchKit Extension";
		};
		C33C4C5F283AAA770030D14B /* PBXContainerItemProxy */ = {
			isa = PBXContainerItemProxy;
			containerPortal = C33C4C2F283AAA730030D14B /* Project object */;
			proxyType = 1;
			remoteGlobalIDString = C33C4C43283AAA760030D14B;
			remoteInfo = "greedindex WatchKit Extension";
		};
		C33C4C69283AAA770030D14B /* PBXContainerItemProxy */ = {
			isa = PBXContainerItemProxy;
			containerPortal = C33C4C2F283AAA730030D14B /* Project object */;
			proxyType = 1;
			remoteGlobalIDString = C33C4C38283AAA730030D14B;
			remoteInfo = "greedindex WatchKit App";
		};
/* End PBXContainerItemProxy section */

/* Begin PBXCopyFilesBuildPhase section */
		C33C4C75283AAA770030D14B /* Embed App Extensions */ = {
			isa = PBXCopyFilesBuildPhase;
			buildActionMask = 2147483647;
			dstPath = "";
			dstSubfolderSpec = 13;
			files = (
				C33C4C45283AAA760030D14B /* greedindex WatchKit Extension.appex in Embed App Extensions */,
			);
			name = "Embed App Extensions";
			runOnlyForDeploymentPostprocessing = 0;
		};
		C33C4C79283AAA770030D14B /* Embed Watch Content */ = {
			isa = PBXCopyFilesBuildPhase;
			buildActionMask = 2147483647;
			dstPath = "$(CONTENTS_FOLDER_PATH)/Watch";
			dstSubfolderSpec = 16;
			files = (
				C33C4C3A283AAA730030D14B /* greedindex WatchKit App.app in Embed Watch Content */,
			);
			name = "Embed Watch Content";
			runOnlyForDeploymentPostprocessing = 0;
		};
/* End PBXCopyFilesBuildPhase section */

/* Begin PBXFileReference section */
		C33C4C35283AAA730030D14B /* greedindex.app */ = {isa = PBXFileReference; explicitFileType = wrapper.application; includeInIndex = 0; path = greedindex.app; sourceTree = BUILT_PRODUCTS_DIR; };
		C33C4C39283AAA730030D14B /* greedindex WatchKit App.app */ = {isa = PBXFileReference; explicitFileType = wrapper.application; includeInIndex = 0; path = "greedindex WatchKit App.app"; sourceTree = BUILT_PRODUCTS_DIR; };
		C33C4C3E283AAA760030D14B /* Assets.xcassets */ = {isa = PBXFileReference; lastKnownFileType = folder.assetcatalog; path = Assets.xcassets; sourceTree = "<group>"; };
		C33C4C44283AAA760030D14B /* greedindex WatchKit Extension.appex */ = {isa = PBXFileReference; explicitFileType = "wrapper.app-extension"; includeInIndex = 0; path = "greedindex WatchKit Extension.appex"; sourceTree = BUILT_PRODUCTS_DIR; };
		C33C4C49283AAA760030D14B /* greedindexApp.swift */ = {isa = PBXFileReference; lastKnownFileType = sourcecode.swift; path = greedindexApp.swift; sourceTree = "<group>"; };
		C33C4C4B283AAA760030D14B /* ContentView.swift */ = {isa = PBXFileReference; lastKnownFileType = sourcecode.swift; path = ContentView.swift; sourceTree = "<group>"; };
		C33C4C4D283AAA760030D14B /* NotificationController.swift */ = {isa = PBXFileReference; lastKnownFileType = sourcecode.swift; path = NotificationController.swift; sourceTree = "<group>"; };
		C33C4C4F283AAA760030D14B /* NotificationView.swift */ = {isa = PBXFileReference; lastKnownFileType = sourcecode.swift; path = NotificationView.swift; sourceTree = "<group>"; };
		C33C4C51283AAA760030D14B /* ComplicationController.swift */ = {isa = PBXFileReference; lastKnownFileType = sourcecode.swift; path = ComplicationController.swift; sourceTree = "<group>"; };
		C33C4C53283AAA770030D14B /* Assets.xcassets */ = {isa = PBXFileReference; lastKnownFileType = folder.assetcatalog; path = Assets.xcassets; sourceTree = "<group>"; };
		C33C4C56283AAA770030D14B /* Preview Assets.xcassets */ = {isa = PBXFileReference; lastKnownFileType = folder.assetcatalog; path = "Preview Assets.xcassets"; sourceTree = "<group>"; };
		C33C4C58283AAA770030D14B /* Info.plist */ = {isa = PBXFileReference; lastKnownFileType = text.plist.xml; path = Info.plist; sourceTree = "<group>"; };
		C33C4C59283AAA770030D14B /* PushNotificationPayload.apns */ = {isa = PBXFileReference; lastKnownFileType = text; path = PushNotificationPayload.apns; sourceTree = "<group>"; };
		C33C4C5E283AAA770030D14B /* greedindexTests.xctest */ = {isa = PBXFileReference; explicitFileType = wrapper.cfbundle; includeInIndex = 0; path = greedindexTests.xctest; sourceTree = BUILT_PRODUCTS_DIR; };
		C33C4C62283AAA770030D14B /* greedindexTests.swift */ = {isa = PBXFileReference; lastKnownFileType = sourcecode.swift; path = greedindexTests.swift; sourceTree = "<group>"; };
		C33C4C68283AAA770030D14B /* greedindexUITests.xctest */ = {isa = PBXFileReference; explicitFileType = wrapper.cfbundle; includeInIndex = 0; path = greedindexUITests.xctest; sourceTree = BUILT_PRODUCTS_DIR; };
		C33C4C6C283AAA770030D14B /* greedindexUITests.swift */ = {isa = PBXFileReference; lastKnownFileType = sourcecode.swift; path = greedindexUITests.swift; sourceTree = "<group>"; };
		C33C4C6E283AAA770030D14B /* greedindexUITestsLaunchTests.swift */ = {isa = PBXFileReference; lastKnownFileType = sourcecode.swift; path = greedindexUITestsLaunchTests.swift; sourceTree = "<group>"; };
/* End PBXFileReference section */

/* Begin PBXFrameworksBuildPhase section */
		C33C4C41283AAA760030D14B /* Frameworks */ = {
			isa = PBXFrameworksBuildPhase;
			buildActionMask = 2147483647;
			files = (
			);
			runOnlyForDeploymentPostprocessing = 0;
		};
		C33C4C5B283AAA770030D14B /* Frameworks */ = {
			isa = PBXFrameworksBuildPhase;
			buildActionMask = 2147483647;
			files = (
			);
			runOnlyForDeploymentPostprocessing = 0;
		};
		C33C4C65283AAA770030D14B /* Frameworks */ = {
			isa = PBXFrameworksBuildPhase;
			buildActionMask = 2147483647;
			files = (
			);
			runOnlyForDeploymentPostprocessing = 0;
		};
/* End PBXFrameworksBuildPhase section */

/* Begin PBXGroup section */
		C33C4C2E283AAA730030D14B = {
			isa = PBXGroup;
			children = (
				C33C4C3D283AAA730030D14B /* greedindex WatchKit App */,
				C33C4C48283AAA760030D14B /* greedindex WatchKit Extension */,
				C33C4C61283AAA770030D14B /* greedindexTests */,
				C33C4C6B283AAA770030D14B /* greedindexUITests */,
				C33C4C36283AAA730030D14B /* Products */,
			);
			sourceTree = "<group>";
		};
		C33C4C36283AAA730030D14B /* Products */ = {
			isa = PBXGroup;
			children = (
				C33C4C35283AAA730030D14B /* greedindex.app */,
				C33C4C39283AAA730030D14B /* greedindex WatchKit App.app */,
				C33C4C44283AAA760030D14B /* greedindex WatchKit Extension.appex */,
				C33C4C5E283AAA770030D14B /* greedindexTests.xctest */,
				C33C4C68283AAA770030D14B /* greedindexUITests.xctest */,
			);
			name = Products;
			sourceTree = "<group>";
		};
		C33C4C3D283AAA730030D14B /* greedindex WatchKit App */ = {
			isa = PBXGroup;
			children = (
				C33C4C3E283AAA760030D14B /* Assets.xcassets */,
			);
			path = "greedindex WatchKit App";
			sourceTree = "<group>";
		};
		C33C4C48283AAA760030D14B /* greedindex WatchKit Extension */ = {
			isa = PBXGroup;
			children = (
				C33C4C49283AAA760030D14B /* greedindexApp.swift */,
				C33C4C4B283AAA760030D14B /* ContentView.swift */,
				C33C4C4D283AAA760030D14B /* NotificationController.swift */,
				C33C4C4F283AAA760030D14B /* NotificationView.swift */,
				C33C4C51283AAA760030D14B /* ComplicationController.swift */,
				C33C4C53283AAA770030D14B /* Assets.xcassets */,
				C33C4C58283AAA770030D14B /* Info.plist */,
				C33C4C59283AAA770030D14B /* PushNotificationPayload.apns */,
				C33C4C55283AAA770030D14B /* Preview Content */,
			);
			path = "greedindex WatchKit Extension";
			sourceTree = "<group>";
		};
		C33C4C55283AAA770030D14B /* Preview Content */ = {
			isa = PBXGroup;
			children = (
				C33C4C56283AAA770030D14B /* Preview Assets.xcassets */,
			);
			path = "Preview Content";
			sourceTree = "<group>";
		};
		C33C4C61283AAA770030D14B /* greedindexTests */ = {
			isa = PBXGroup;
			children = (
				C33C4C62283AAA770030D14B /* greedindexTests.swift */,
			);
			path = greedindexTests;
			sourceTree = "<group>";
		};
		C33C4C6B283AAA770030D14B /* greedindexUITests */ = {
			isa = PBXGroup;
			children = (
				C33C4C6C283AAA770030D14B /* greedindexUITests.swift */,
				C33C4C6E283AAA770030D14B /* greedindexUITestsLaunchTests.swift */,
			);
			path = greedindexUITests;
			sourceTree = "<group>";
		};
/* End PBXGroup section */

/* Begin PBXNativeTarget section */
		C33C4C34283AAA730030D14B /* greedindex */ = {
			isa = PBXNativeTarget;
			buildConfigurationList = C33C4C7A283AAA770030D14B /* Build configuration list for PBXNativeTarget "greedindex" */;
			buildPhases = (
				C33C4C33283AAA730030D14B /* Resources */,
				C33C4C79283AAA770030D14B /* Embed Watch Content */,
			);
			buildRules = (
			);
			dependencies = (
				C33C4C3C283AAA730030D14B /* PBXTargetDependency */,
			);
			name = greedindex;
			productName = greedindex;
			productReference = C33C4C35283AAA730030D14B /* greedindex.app */;
			productType = "com.apple.product-type.application.watchapp2-container";
		};
		C33C4C38283AAA730030D14B /* greedindex WatchKit App */ = {
			isa = PBXNativeTarget;
			buildConfigurationList = C33C4C76283AAA770030D14B /* Build configuration list for PBXNativeTarget "greedindex WatchKit App" */;
			buildPhases = (
				C33C4C37283AAA730030D14B /* Resources */,
				C33C4C75283AAA770030D14B /* Embed App Extensions */,
			);
			buildRules = (
			);
			dependencies = (
				C33C4C47283AAA760030D14B /* PBXTargetDependency */,
			);
			name = "greedindex WatchKit App";
			productName = "greedindex WatchKit App";
			productReference = C33C4C39283AAA730030D14B /* greedindex WatchKit App.app */;
			productType = "com.apple.product-type.application.watchapp2";
		};
		C33C4C43283AAA760030D14B /* greedindex WatchKit Extension */ = {
			isa = PBXNativeTarget;
			buildConfigurationList = C33C4C72283AAA770030D14B /* Build configuration list for PBXNativeTarget "greedindex WatchKit Extension" */;
			buildPhases = (
				C33C4C40283AAA760030D14B /* Sources */,
				C33C4C41283AAA760030D14B /* Frameworks */,
				C33C4C42283AAA760030D14B /* Resources */,
			);
			buildRules = (
			);
			dependencies = (
			);
			name = "greedindex WatchKit Extension";
			productName = "greedindex WatchKit Extension";
			productReference = C33C4C44283AAA760030D14B /* greedindex WatchKit Extension.appex */;
			productType = "com.apple.product-type.watchkit2-extension";
		};
		C33C4C5D283AAA770030D14B /* greedindexTests */ = {
			isa = PBXNativeTarget;
			buildConfigurationList = C33C4C7D283AAA770030D14B /* Build configuration list for PBXNativeTarget "greedindexTests" */;
			buildPhases = (
				C33C4C5A283AAA770030D14B /* Sources */,
				C33C4C5B283AAA770030D14B /* Frameworks */,
				C33C4C5C283AAA770030D14B /* Resources */,
			);
			buildRules = (
			);
			dependencies = (
				C33C4C60283AAA770030D14B /* PBXTargetDependency */,
			);
			name = greedindexTests;
			productName = greedindexTests;
			productReference = C33C4C5E283AAA770030D14B /* greedindexTests.xctest */;
			productType = "com.apple.product-type.bundle.unit-test";
		};
		C33C4C67283AAA770030D14B /* greedindexUITests */ = {
			isa = PBXNativeTarget;
			buildConfigurationList = C33C4C80283AAA770030D14B /* Build configuration list for PBXNativeTarget "greedindexUITests" */;
			buildPhases = (
				C33C4C64283AAA770030D14B /* Sources */,
				C33C4C65283AAA770030D14B /* Frameworks */,
				C33C4C66283AAA770030D14B /* Resources */,
			);
			buildRules = (
			);
			dependencies = (
				C33C4C6A283AAA770030D14B /* PBXTargetDependency */,
			);
			name = greedindexUITests;
			productName = greedindexUITests;
			productReference = C33C4C68283AAA770030D14B /* greedindexUITests.xctest */;
			productType = "com.apple.product-type.bundle.ui-testing";
		};
/* End PBXNativeTarget section */

/* Begin PBXProject section */
		C33C4C2F283AAA730030D14B /* Project object */ = {
			isa = PBXProject;
			attributes = {
				BuildIndependentTargetsInParallel = 1;
				LastSwiftUpdateCheck = 1340;
				LastUpgradeCheck = 1340;
				TargetAttributes = {
					C33C4C34283AAA730030D14B = {
						CreatedOnToolsVersion = 13.4;
					};
					C33C4C38283AAA730030D14B = {
						CreatedOnToolsVersion = 13.4;
					};
					C33C4C43283AAA760030D14B = {
						CreatedOnToolsVersion = 13.4;
					};
					C33C4C5D283AAA770030D14B = {
						CreatedOnToolsVersion = 13.4;
						TestTargetID = C33C4C43283AAA760030D14B;
					};
					C33C4C67283AAA770030D14B = {
						CreatedOnToolsVersion = 13.4;
						TestTargetID = C33C4C38283AAA730030D14B;
					};
				};
			};
			buildConfigurationList = C33C4C32283AAA730030D14B /* Build configuration list for PBXProject "greedindex" */;
			compatibilityVersion = "Xcode 13.0";
			developmentRegion = en;
			hasScannedForEncodings = 0;
			knownRegions = (
				en,
				Base,
			);
			mainGroup = C33C4C2E283AAA730030D14B;
			productRefGroup = C33C4C36283AAA730030D14B /* Products */;
			projectDirPath = "";
			projectRoot = "";
			targets = (
				C33C4C34283AAA730030D14B /* greedindex */,
				C33C4C38283AAA730030D14B /* greedindex WatchKit App */,
				C33C4C43283AAA760030D14B /* greedindex WatchKit Extension */,
				C33C4C5D283AAA770030D14B /* greedindexTests */,
				C33C4C67283AAA770030D14B /* greedindexUITests */,
			);
		};
/* End PBXProject section */

/* Begin PBXResourcesBuildPhase section */
		C33C4C33283AAA730030D14B /* Resources */ = {
			isa = PBXResourcesBuildPhase;
			buildActionMask = 2147483647;
			files = (
			);
			runOnlyForDeploymentPostprocessing = 0;
		};
		C33C4C37283AAA730030D14B /* Resources */ = {
			isa = PBXResourcesBuildPhase;
			buildActionMask = 2147483647;
			files = (
				C33C4C3F283AAA760030D14B /* Assets.xcassets in Resources */,
			);
			runOnlyForDeploymentPostprocessing = 0;
		};
		C33C4C42283AAA760030D14B /* Resources */ = {
			isa = PBXResourcesBuildPhase;
			buildActionMask = 2147483647;
			files = (
				C33C4C57283AAA770030D14B /* Preview Assets.xcassets in Resources */,
				C33C4C54283AAA770030D14B /* Assets.xcassets in Resources */,
			);
			runOnlyForDeploymentPostprocessing = 0;
		};
		C33C4C5C283AAA770030D14B /* Resources */ = {
			isa = PBXResourcesBuildPhase;
			buildActionMask = 2147483647;
			files = (
			);
			runOnlyForDeploymentPostprocessing = 0;
		};
		C33C4C66283AAA770030D14B /* Resources */ = {
			isa = PBXResourcesBuildPhase;
			buildActionMask = 2147483647;
			files = (
			);
			runOnlyForDeploymentPostprocessing = 0;
		};
/* End PBXResourcesBuildPhase section */

/* Begin PBXSourcesBuildPhase section */
		C33C4C40283AAA760030D14B /* Sources */ = {
			isa = PBXSourcesBuildPhase;
			buildActionMask = 2147483647;
			files = (
				C33C4C4E283AAA760030D14B /* NotificationController.swift in Sources */,
				C33C4C4C283AAA760030D14B /* ContentView.swift in Sources */,
				C33C4C52283AAA760030D14B /* ComplicationController.swift in Sources */,
				C33C4C4A283AAA760030D14B /* greedindexApp.swift in Sources */,
				C33C4C50283AAA760030D14B /* NotificationView.swift in Sources */,
			);
			runOnlyForDeploymentPostprocessing = 0;
		};
		C33C4C5A283AAA770030D14B /* Sources */ = {
			isa = PBXSourcesBuildPhase;
			buildActionMask = 2147483647;
			files = (
				C33C4C63283AAA770030D14B /* greedindexTests.swift in Sources */,
			);
			runOnlyForDeploymentPostprocessing = 0;
		};
		C33C4C64283AAA770030D14B /* Sources */ = {
			isa = PBXSourcesBuildPhase;
			buildActionMask = 2147483647;
			files = (
				C33C4C6D283AAA770030D14B /* greedindexUITests.swift in Sources */,
				C33C4C6F283AAA770030D14B /* greedindexUITestsLaunchTests.swift in Sources */,
			);
			runOnlyForDeploymentPostprocessing = 0;
		};
/* End PBXSourcesBuildPhase section */

/* Begin PBXTargetDependency section */
		C33C4C3C283AAA730030D14B /* PBXTargetDependency */ = {
			isa = PBXTargetDependency;
			target = C33C4C38283AAA730030D14B /* greedindex WatchKit App */;
			targetProxy = C33C4C3B283AAA730030D14B /* PBXContainerItemProxy */;
		};
		C33C4C47283AAA760030D14B /* PBXTargetDependency */ = {
			isa = PBXTargetDependency;
			target = C33C4C43283AAA760030D14B /* greedindex WatchKit Extension */;
			targetProxy = C33C4C46283AAA760030D14B /* PBXContainerItemProxy */;
		};
		C33C4C60283AAA770030D14B /* PBXTargetDependency */ = {
			isa = PBXTargetDependency;
			target = C33C4C43283AAA760030D14B /* greedindex WatchKit Extension */;
			targetProxy = C33C4C5F283AAA770030D14B /* PBXContainerItemProxy */;
		};
		C33C4C6A283AAA770030D14B /* PBXTargetDependency */ = {
			isa = PBXTargetDependency;
			target = C33C4C38283AAA730030D14B /* greedindex WatchKit App */;
			targetProxy = C33C4C69283AAA770030D14B /* PBXContainerItemProxy */;
		};
/* End PBXTargetDependency section */

/* Begin XCBuildConfiguration section */
		C33C4C70283AAA770030D14B /* Debug */ = {
			isa = XCBuildConfiguration;
			buildSettings = {
				ALWAYS_SEARCH_USER_PATHS = NO;
				CLANG_ANALYZER_NONNULL = YES;
				CLANG_ANALYZER_NUMBER_OBJECT_CONVERSION = YES_AGGRESSIVE;
				CLANG_CXX_LANGUAGE_STANDARD = "gnu++17";
				CLANG_ENABLE_MODULES = YES;
				CLANG_ENABLE_OBJC_ARC = YES;
				CLANG_ENABLE_OBJC_WEAK = YES;
				CLANG_WARN_BLOCK_CAPTURE_AUTORELEASING = YES;
				CLANG_WARN_BOOL_CONVERSION = YES;
				CLANG_WARN_COMMA = YES;
				CLANG_WARN_CONSTANT_CONVERSION = YES;
				CLANG_WARN_DEPRECATED_OBJC_IMPLEMENTATIONS = YES;
				CLANG_WARN_DIRECT_OBJC_ISA_USAGE = YES_ERROR;
				CLANG_WARN_DOCUMENTATION_COMMENTS = YES;
				CLANG_WARN_EMPTY_BODY = YES;
				CLANG_WARN_ENUM_CONVERSION = YES;
				CLANG_WARN_INFINITE_RECURSION = YES;
				CLANG_WARN_INT_CONVERSION = YES;
				CLANG_WARN_NON_LITERAL_NULL_CONVERSION = YES;
				CLANG_WARN_OBJC_IMPLICIT_RETAIN_SELF = YES;
				CLANG_WARN_OBJC_LITERAL_CONVERSION = YES;
				CLANG_WARN_OBJC_ROOT_CLASS = YES_ERROR;
				CLANG_WARN_QUOTED_INCLUDE_IN_FRAMEWORK_HEADER = YES;
				CLANG_WARN_RANGE_LOOP_ANALYSIS = YES;
				CLANG_WARN_STRICT_PROTOTYPES = YES;
				CLANG_WARN_SUSPICIOUS_MOVE = YES;
				CLANG_WARN_UNGUARDED_AVAILABILITY = YES_AGGRESSIVE;
				CLANG_WARN_UNREACHABLE_CODE = YES;
				CLANG_WARN__DUPLICATE_METHOD_MATCH = YES;
				COPY_PHASE_STRIP = NO;
				DEBUG_INFORMATION_FORMAT = dwarf;
				ENABLE_STRICT_OBJC_MSGSEND = YES;
				ENABLE_TESTABILITY = YES;
				GCC_C_LANGUAGE_STANDARD = gnu11;
				GCC_DYNAMIC_NO_PIC = NO;
				GCC_NO_COMMON_BLOCKS = YES;
				GCC_OPTIMIZATION_LEVEL = 0;
				GCC_PREPROCESSOR_DEFINITIONS = (
					"DEBUG=1",
					"$(inherited)",
				);
				GCC_WARN_64_TO_32_BIT_CONVERSION = YES;
				GCC_WARN_ABOUT_RETURN_TYPE = YES_ERROR;
				GCC_WARN_UNDECLARED_SELECTOR = YES;
				GCC_WARN_UNINITIALIZED_AUTOS = YES_AGGRESSIVE;
				GCC_WARN_UNUSED_FUNCTION = YES;
				GCC_WARN_UNUSED_VARIABLE = YES;
				MTL_ENABLE_DEBUG_INFO = INCLUDE_SOURCE;
				MTL_FAST_MATH = YES;
				ONLY_ACTIVE_ARCH = YES;
				SDKROOT = iphoneos;
				SWIFT_ACTIVE_COMPILATION_CONDITIONS = DEBUG;
				SWIFT_OPTIMIZATION_LEVEL = "-Onone";
			};
			name = Debug;
		};
		C33C4C71283AAA770030D14B /* Release */ = {
			isa = XCBuildConfiguration;
			buildSettings = {
				ALWAYS_SEARCH_USER_PATHS = NO;
				CLANG_ANALYZER_NONNULL = YES;
				CLANG_ANALYZER_NUMBER_OBJECT_CONVERSION = YES_AGGRESSIVE;
				CLANG_CXX_LANGUAGE_STANDARD = "gnu++17";
				CLANG_ENABLE_MODULES = YES;
				CLANG_ENABLE_OBJC_ARC = YES;
				CLANG_ENABLE_OBJC_WEAK = YES;
				CLANG_WARN_BLOCK_CAPTURE_AUTORELEASING = YES;
				CLANG_WARN_BOOL_CONVERSION = YES;
				CLANG_WARN_COMMA = YES;
				CLANG_WARN_CONSTANT_CONVERSION = YES;
				CLANG_WARN_DEPRECATED_OBJC_IMPLEMENTATIONS = YES;
				CLANG_WARN_DIRECT_OBJC_ISA_USAGE = YES_ERROR;
				CLANG_WARN_DOCUMENTATION_COMMENTS = YES;
				CLANG_WARN_EMPTY_BODY = YES;
				CLANG_WARN_ENUM_CONVERSION = YES;
				CLANG_WARN_INFINITE_RECURSION = YES;
				CLANG_WARN_INT_CONVERSION = YES;
				CLANG_WARN_NON_LITERAL_NULL_CONVERSION = YES;
				CLANG_WARN_OBJC_IMPLICIT_RETAIN_SELF = YES;
				CLANG_WARN_OBJC_LITERAL_CONVERSION = YES;
				CLANG_WARN_OBJC_ROOT_CLASS = YES_ERROR;
				CLANG_WARN_QUOTED_INCLUDE_IN_FRAMEWORK_HEADER = YES;
				CLANG_WARN_RANGE_LOOP_ANALYSIS = YES;
				CLANG_WARN_STRICT_PROTOTYPES = YES;
				CLANG_WARN_SUSPICIOUS_MOVE = YES;
				CLANG_WARN_UNGUARDED_AVAILABILITY = YES_AGGRESSIVE;
				CLANG_WARN_UNREACHABLE_CODE = YES;
				CLANG_WARN__DUPLICATE_METHOD_MATCH = YES;
				COPY_PHASE_STRIP = NO;
				DEBUG_INFORMATION_FORMAT = "dwarf-with-dsym";
				ENABLE_NS_ASSERTIONS = NO;
				ENABLE_STRICT_OBJC_MSGSEND = YES;
				GCC_C_LANGUAGE_STANDARD = gnu11;
				GCC_NO_COMMON_BLOCKS = YES;
				GCC_WARN_64_TO_32_BIT_CONVERSION = YES;
				GCC_WARN_ABOUT_RETURN_TYPE = YES_ERROR;
				GCC_WARN_UNDECLARED_SELECTOR = YES;
				GCC_WARN_UNINITIALIZED_AUTOS = YES_AGGRESSIVE;
				GCC_WARN_UNUSED_FUNCTION = YES;
				GCC_WARN_UNUSED_VARIABLE = YES;
				MTL_ENABLE_DEBUG_INFO = NO;
				MTL_FAST_MATH = YES;
				SDKROOT = iphoneos;
				SWIFT_COMPILATION_MODE = wholemodule;
				SWIFT_OPTIMIZATION_LEVEL = "-O";
				VALIDATE_PRODUCT = YES;
			};
			name = Release;
		};
		C33C4C73283AAA770030D14B /* Debug */ = {
			isa = XCBuildConfiguration;
			buildSettings = {
				ASSETCATALOG_COMPILER_COMPLICATION_NAME = Complication;
				CODE_SIGN_STYLE = Automatic;
				CURRENT_PROJECT_VERSION = 1;
				DEVELOPMENT_ASSET_PATHS = "\"greedindex WatchKit Extension/Preview Content\"";
				DEVELOPMENT_TEAM = KC2U66R4BD;
				ENABLE_PREVIEWS = YES;
				GENERATE_INFOPLIST_FILE = YES;
				INFOPLIST_FILE = "greedindex WatchKit Extension/Info.plist";
				INFOPLIST_KEY_CFBundleDisplayName = "greedindex WatchKit Extension";
				INFOPLIST_KEY_CLKComplicationPrincipalClass = "$(PRODUCT_MODULE_NAME).ComplicationController";
				INFOPLIST_KEY_NSHumanReadableCopyright = "";
				INFOPLIST_KEY_WKWatchOnly = YES;
				LD_RUNPATH_SEARCH_PATHS = (
					"$(inherited)",
					"@executable_path/Frameworks",
					"@executable_path/../../Frameworks",
				);
				MARKETING_VERSION = 1.0;
				PRODUCT_BUNDLE_IDENTIFIER = com.ostapyrih.greedindex.watchkitapp.watchkitextension;
				PRODUCT_NAME = "${TARGET_NAME}";
				SDKROOT = watchos;
				SKIP_INSTALL = YES;
				SWIFT_EMIT_LOC_STRINGS = YES;
				SWIFT_VERSION = 5.0;
				TARGETED_DEVICE_FAMILY = 4;
				WATCHOS_DEPLOYMENT_TARGET = 8.5;
			};
			name = Debug;
		};
		C33C4C74283AAA770030D14B /* Release */ = {
			isa = XCBuildConfiguration;
			buildSettings = {
				ASSETCATALOG_COMPILER_COMPLICATION_NAME = Complication;
				CODE_SIGN_STYLE = Automatic;
				CURRENT_PROJECT_VERSION = 1;
				DEVELOPMENT_ASSET_PATHS = "\"greedindex WatchKit Extension/Preview Content\"";
				DEVELOPMENT_TEAM = KC2U66R4BD;
				ENABLE_PREVIEWS = YES;
				GENERATE_INFOPLIST_FILE = YES;
				INFOPLIST_FILE = "greedindex WatchKit Extension/Info.plist";
				INFOPLIST_KEY_CFBundleDisplayName = "greedindex WatchKit Extension";
				INFOPLIST_KEY_CLKComplicationPrincipalClass = "$(PRODUCT_MODULE_NAME).ComplicationController";
				INFOPLIST_KEY_NSHumanReadableCopyright = "";
				INFOPLIST_KEY_WKWatchOnly = YES;
				LD_RUNPATH_SEARCH_PATHS = (
					"$(inherited)",
					"@executable_path/Frameworks",
					"@executable_path/../../Frameworks",
				);
				MARKETING_VERSION = 1.0;
				PRODUCT_BUNDLE_IDENTIFIER = com.ostapyrih.greedindex.watchkitapp.watchkitextension;
				PRODUCT_NAME = "${TARGET_NAME}";
				SDKROOT = watchos;
				SKIP_INSTALL = YES;
				SWIFT_EMIT_LOC_STRINGS = YES;
				SWIFT_VERSION = 5.0;
				TARGETED_DEVICE_FAMILY = 4;
				WATCHOS_DEPLOYMENT_TARGET = 8.5;
			};
			name = Release;
		};
		C33C4C77283AAA770030D14B /* Debug */ = {
			isa = XCBuildConfiguration;
			buildSettings = {
				ALWAYS_EMBED_SWIFT_STANDARD_LIBRARIES = YES;
				ASSETCATALOG_COMPILER_APPICON_NAME = AppIcon;
				ASSETCATALOG_COMPILER_GLOBAL_ACCENT_COLOR_NAME = AccentColor;
				CODE_SIGN_STYLE = Automatic;
				CURRENT_PROJECT_VERSION = 1;
				DEVELOPMENT_TEAM = KC2U66R4BD;
				GENERATE_INFOPLIST_FILE = YES;
				IBSC_MODULE = greedindex_WatchKit_Extension;
				INFOPLIST_KEY_CFBundleDisplayName = "Fear And Greed Index";
				INFOPLIST_KEY_UISupportedInterfaceOrientations = "UIInterfaceOrientationPortrait UIInterfaceOrientationPortraitUpsideDown";
				MARKETING_VERSION = 1.0;
				PRODUCT_BUNDLE_IDENTIFIER = com.ostapyrih.greedindex.watchkitapp;
				PRODUCT_NAME = "$(TARGET_NAME)";
				SDKROOT = watchos;
				SKIP_INSTALL = YES;
				SWIFT_EMIT_LOC_STRINGS = YES;
				SWIFT_VERSION = 5.0;
				TARGETED_DEVICE_FAMILY = 4;
				WATCHOS_DEPLOYMENT_TARGET = 8.5;
			};
			name = Debug;
		};
		C33C4C78283AAA770030D14B /* Release */ = {
			isa = XCBuildConfiguration;
			buildSettings = {
				ALWAYS_EMBED_SWIFT_STANDARD_LIBRARIES = YES;
				ASSETCATALOG_COMPILER_APPICON_NAME = AppIcon;
				ASSETCATALOG_COMPILER_GLOBAL_ACCENT_COLOR_NAME = AccentColor;
				CODE_SIGN_STYLE = Automatic;
				CURRENT_PROJECT_VERSION = 1;
				DEVELOPMENT_TEAM = KC2U66R4BD;
				GENERATE_INFOPLIST_FILE = YES;
				IBSC_MODULE = greedindex_WatchKit_Extension;
				INFOPLIST_KEY_CFBundleDisplayName = "Fear And Greed Index";
				INFOPLIST_KEY_UISupportedInterfaceOrientations = "UIInterfaceOrientationPortrait UIInterfaceOrientationPortraitUpsideDown";
				MARKETING_VERSION = 1.0;
				PRODUCT_BUNDLE_IDENTIFIER = com.ostapyrih.greedindex.watchkitapp;
				PRODUCT_NAME = "$(TARGET_NAME)";
				SDKROOT = watchos;
				SKIP_INSTALL = YES;
				SWIFT_EMIT_LOC_STRINGS = YES;
				SWIFT_VERSION = 5.0;
				TARGETED_DEVICE_FAMILY = 4;
				WATCHOS_DEPLOYMENT_TARGET = 8.5;
			};
			name = Release;
		};
		C33C4C7B283AAA770030D14B /* Debug */ = {
			isa = XCBuildConfiguration;
			buildSettings = {
				CODE_SIGN_STYLE = Automatic;
				CURRENT_PROJECT_VERSION = 1;
				DEVELOPMENT_TEAM = KC2U66R4BD;
				MARKETING_VERSION = 1.0;
				PRODUCT_BUNDLE_IDENTIFIER = com.ostapyrih.greedindex;
				PRODUCT_NAME = "$(TARGET_NAME)";
				SWIFT_VERSION = 5.0;
			};
			name = Debug;
		};
		C33C4C7C283AAA770030D14B /* Release */ = {
			isa = XCBuildConfiguration;
			buildSettings = {
				CODE_SIGN_STYLE = Automatic;
				CURRENT_PROJECT_VERSION = 1;
				DEVELOPMENT_TEAM = KC2U66R4BD;
				MARKETING_VERSION = 1.0;
				PRODUCT_BUNDLE_IDENTIFIER = com.ostapyrih.greedindex;
				PRODUCT_NAME = "$(TARGET_NAME)";
				SWIFT_VERSION = 5.0;
			};
			name = Release;
		};
		C33C4C7E283AAA770030D14B /* Debug */ = {
			isa = XCBuildConfiguration;
			buildSettings = {
				ALWAYS_EMBED_SWIFT_STANDARD_LIBRARIES = YES;
				BUNDLE_LOADER = "$(TEST_HOST)";
				CODE_SIGN_STYLE = Automatic;
				CURRENT_PROJECT_VERSION = 1;
				DEVELOPMENT_TEAM = KC2U66R4BD;
				GENERATE_INFOPLIST_FILE = YES;
				MARKETING_VERSION = 1.0;
				PRODUCT_BUNDLE_IDENTIFIER = com.ostapyrih.greedindexTests;
				PRODUCT_NAME = "$(TARGET_NAME)";
				SDKROOT = watchos;
				SWIFT_EMIT_LOC_STRINGS = NO;
				SWIFT_VERSION = 5.0;
				TARGETED_DEVICE_FAMILY = 4;
				TEST_HOST = "$(BUILT_PRODUCTS_DIR)/greedindex WatchKit Extension.appex/greedindex WatchKit Extension";
				WATCHOS_DEPLOYMENT_TARGET = 8.5;
			};
			name = Debug;
		};
		C33C4C7F283AAA770030D14B /* Release */ = {
			isa = XCBuildConfiguration;
			buildSettings = {
				ALWAYS_EMBED_SWIFT_STANDARD_LIBRARIES = YES;
				BUNDLE_LOADER = "$(TEST_HOST)";
				CODE_SIGN_STYLE = Automatic;
				CURRENT_PROJECT_VERSION = 1;
				DEVELOPMENT_TEAM = KC2U66R4BD;
				GENERATE_INFOPLIST_FILE = YES;
				MARKETING_VERSION = 1.0;
				PRODUCT_BUNDLE_IDENTIFIER = com.ostapyrih.greedindexTests;
				PRODUCT_NAME = "$(TARGET_NAME)";
				SDKROOT = watchos;
				SWIFT_EMIT_LOC_STRINGS = NO;
				SWIFT_VERSION = 5.0;
				TARGETED_DEVICE_FAMILY = 4;
				TEST_HOST = "$(BUILT_PRODUCTS_DIR)/greedindex WatchKit Extension.appex/greedindex WatchKit Extension";
				WATCHOS_DEPLOYMENT_TARGET = 8.5;
			};
			name = Release;
		};
		C33C4C81283AAA770030D14B /* Debug */ = {
			isa = XCBuildConfiguration;
			buildSettings = {
				CODE_SIGN_STYLE = Automatic;
				CURRENT_PROJECT_VERSION = 1;
				DEVELOPMENT_TEAM = KC2U66R4BD;
				GENERATE_INFOPLIST_FILE = YES;
				MARKETING_VERSION = 1.0;
				PRODUCT_BUNDLE_IDENTIFIER = com.ostapyrih.greedindexUITests;
				PRODUCT_NAME = "$(TARGET_NAME)";
				SDKROOT = watchos;
				SWIFT_EMIT_LOC_STRINGS = NO;
				SWIFT_VERSION = 5.0;
				TARGETED_DEVICE_FAMILY = 4;
				TEST_TARGET_NAME = "greedindex WatchKit App";
				WATCHOS_DEPLOYMENT_TARGET = 8.5;
			};
			name = Debug;
		};
		C33C4C82283AAA770030D14B /* Release */ = {
			isa = XCBuildConfiguration;
			buildSettings = {
				CODE_SIGN_STYLE = Automatic;
				CURRENT_PROJECT_VERSION = 1;
				DEVELOPMENT_TEAM = KC2U66R4BD;
				GENERATE_INFOPLIST_FILE = YES;
				MARKETING_VERSION = 1.0;
				PRODUCT_BUNDLE_IDENTIFIER = com.ostapyrih.greedindexUITests;
				PRODUCT_NAME = "$(TARGET_NAME)";
				SDKROOT = watchos;
				SWIFT_EMIT_LOC_STRINGS = NO;
				SWIFT_VERSION = 5.0;
				TARGETED_DEVICE_FAMILY = 4;
				TEST_TARGET_NAME = "greedindex WatchKit App";
				WATCHOS_DEPLOYMENT_TARGET = 8.5;
			};
			name = Release;
		};
/* End XCBuildConfiguration section */

/* Begin XCConfigurationList section */
		C33C4C32283AAA730030D14B /* Build configuration list for PBXProject "greedindex" */ = {
			isa = XCConfigurationList;
			buildConfigurations = (
				C33C4C70283AAA770030D14B /* Debug */,
				C33C4C71283AAA770030D14B /* Release */,
			);
			defaultConfigurationIsVisible = 0;
			defaultConfigurationName = Release;
		};
		C33C4C72283AAA770030D14B /* Build configuration list for PBXNativeTarget "greedindex WatchKit Extension" */ = {
			isa = XCConfigurationList;
			buildConfigurations = (
				C33C4C73283AAA770030D14B /* Debug */,
				C33C4C74283AAA770030D14B /* Release */,
			);
			defaultConfigurationIsVisible = 0;
			defaultConfigurationName = Release;
		};
		C33C4C76283AAA770030D14B /* Build configuration list for PBXNativeTarget "greedindex WatchKit App" */ = {
			isa = XCConfigurationList;
			buildConfigurations = (
				C33C4C77283AAA770030D14B /* Debug */,
				C33C4C78283AAA770030D14B /* Release */,
			);
			defaultConfigurationIsVisible = 0;
			defaultConfigurationName = Release;
		};
		C33C4C7A283AAA770030D14B /* Build configuration list for PBXNativeTarget "greedindex" */ = {
			isa = XCConfigurationList;
			buildConfigurations = (
				C33C4C7B283AAA770030D14B /* Debug */,
				C33C4C7C283AAA770030D14B /* Release */,
			);
			defaultConfigurationIsVisible = 0;
			defaultConfigurationName = Release;
		};
		C33C4C7D283AAA770030D14B /* Build configuration list for PBXNativeTarget "greedindexTests" */ = {
			isa = XCConfigurationList;
			buildConfigurations = (
				C33C4C7E283AAA770030D14B /* Debug */,
				C33C4C7F283AAA770030D14B /* Release */,
			);
			defaultConfigurationIsVisible = 0;
			defaultConfigurationName = Release;
		};
		C33C4C80283AAA770030D14B /* Build configuration list for PBXNativeTarget "greedindexUITests" */ = {
			isa = XCConfigurationList;
			buildConfigurations = (
				C33C4C81283AAA770030D14B /* Debug */,
				C33C4C82283AAA770030D14B /* Release */,
			);
			defaultConfigurationIsVisible = 0;
			defaultConfigurationName = Release;
		};
/* End XCConfigurationList section */
	};
	rootObject = C33C4C2F283AAA730030D14B /* Project object */;
}
